
Microsoft Visual Studio Solution File, Format Version 12.00
# Visual Studio Version 17
VisualStudioVersion = 17.0.31903.59
MinimumVisualStudioVersion = 10.0.40219.1
Project("{2150E333-8FDC-42A3-9474-1A3956D46DE8}") = "src", "src", "{827E0CD3-B72D-47B6-A68D-7590B98EB39B}"
EndProject
Project("{FAE04EC0-301F-11D3-BF4B-00C04F79EFBC}") = "NexoRuta.Api", "src\NexoRuta.Api\NexoRuta.Api.csproj", "{78BEDE2B-F1EF-43FD-AE13-4E0F9544D4DC}"
EndProject
Project("{FAE04EC0-301F-11D3-BF4B-00C04F79EFBC}") = "NexoRuta.Worker", "src\NexoRuta.Worker\NexoRuta.Worker.csproj", "{5E8D6C97-76C9-4954-B68B-421FF504EF88}"
EndProject
Project("{FAE04EC0-301F-11D3-BF4B-00C04F79EFBC}") = "NexoRuta.Domain", "src\NexoRuta.Domain\NexoRuta.Domain.csproj", "{CD06C50E-BD0A-43D9-A485-F10108C11C27}"
EndProject
Project("{FAE04EC0-301F-11D3-BF4B-00C04F79EFBC}") = "NexoRuta.Application", "src\NexoRuta.Application\NexoRuta.Application.csproj", "{355C69CE-0189-47C8-9AF7-B750FE79A0E3}"
EndProject
Project("{FAE04EC0-301F-11D3-BF4B-00C04F79EFBC}") = "NexoRuta.Infrastructure", "src\NexoRuta.Infrastructure\NexoRuta.Infrastructure.csproj", "{31494915-AA5B-45AB-9EE5-18FBFA219F8A}"
EndProject
Project("{2150E333-8FDC-42A3-9474-1A3956D46DE8}") = "tests", "tests", "{0AB3BF05-4346-4AA6-1389-037BE0695223}"
EndProject
Project("{FAE04EC0-301F-11D3-BF4B-00C04F79EFBC}") = "NexoRuta.UnitTests", "tests\NexoRuta.UnitTests\NexoRuta.UnitTests.csproj", "{F6062B71-F5C4-47A0-95CB-327540829345}"
EndProject
Project("{FAE04EC0-301F-11D3-BF4B-00C04F79EFBC}") = "NexoRuta.IntegrationTests", "tests\NexoRuta.IntegrationTests\NexoRuta.IntegrationTests.csproj", "{9E80DDF8-C3EA-4913-A545-6ED091560CA7}"
EndProject
Project("{FAE04EC0-301F-11D3-BF4B-00C04F79EFBC}") = "NexoRuta.ArchitectureTests", "tests\NexoRuta.ArchitectureTests\NexoRuta.ArchitectureTests.csproj", "{A44429A0-C7A8-45CC-AA3E-BB5856B471DE}"
EndProject
Global
	GlobalSection(SolutionConfigurationPlatforms) = preSolution
		Debug|Any CPU = Debug|Any CPU
		Debug|x64 = Debug|x64
		Debug|x86 = Debug|x86
		Release|Any CPU = Release|Any CPU
		Release|x64 = Release|x64
		Release|x86 = Release|x86
	EndGlobalSection
	GlobalSection(ProjectConfigurationPlatforms) = postSolution
		{78BEDE2B-F1EF-43FD-AE13-4E0F9544D4DC}.Debug|Any CPU.ActiveCfg = Debug|Any CPU
		{78BEDE2B-F1EF-43FD-AE13-4E0F9544D4DC}.Debug|Any CPU.Build.0 = Debug|Any CPU
		{78BEDE2B-F1EF-43FD-AE13-4E0F9544D4DC}.Debug|x64.ActiveCfg = Debug|Any CPU
		{78BEDE2B-F1EF-43FD-AE13-4E0F9544D4DC}.Debug|x64.Build.0 = Debug|Any CPU
		{78BEDE2B-F1EF-43FD-AE13-4E0F9544D4DC}.Debug|x86.ActiveCfg = Debug|Any CPU
		{78BEDE2B-F1EF-43FD-AE13-4E0F9544D4DC}.Debug|x86.Build.0 = Debug|Any CPU
		{78BEDE2B-F1EF-43FD-AE13-4E0F9544D4DC}.Release|Any CPU.ActiveCfg = Release|Any CPU
		{78BEDE2B-F1EF-43FD-AE13-4E0F9544D4DC}.Release|Any CPU.Build.0 = Release|Any CPU
		{78BEDE2B-F1EF-43FD-AE13-4E0F9544D4DC}.Release|x64.ActiveCfg = Release|Any CPU
		{78BEDE2B-F1EF-43FD-AE13-4E0F9544D4DC}.Release|x64.Build.0 = Release|Any CPU
		{78BEDE2B-F1EF-43FD-AE13-4E0F9544D4DC}.Release|x86.ActiveCfg = Release|Any CPU
		{78BEDE2B-F1EF-43FD-AE13-4E0F9544D4DC}.Release|x86.Build.0 = Release|Any CPU
		{5E8D6C97-76C9-4954-B68B-421FF504EF88}.Debug|Any CPU.ActiveCfg = Debug|Any CPU
		{5E8D6C97-76C9-4954-B68B-421FF504EF88}.Debug|Any CPU.Build.0 = Debug|Any CPU
		{5E8D6C97-76C9-4954-B68B-421FF504EF88}.Debug|x64.ActiveCfg = Debug|Any CPU
		{5E8D6C97-76C9-4954-B68B-421FF504EF88}.Debug|x64.Build.0 = Debug|Any CPU
		{5E8D6C97-76C9-4954-B68B-421FF504EF88}.Debug|x86.ActiveCfg = Debug|Any CPU
		{5E8D6C97-76C9-4954-B68B-421FF504EF88}.Debug|x86.Build.0 = Debug|Any CPU
		{5E8D6C97-76C9-4954-B68B-421FF504EF88}.Release|Any CPU.ActiveCfg = Release|Any CPU
		{5E8D6C97-76C9-4954-B68B-421FF504EF88}.Release|Any CPU.Build.0 = Release|Any CPU
		{5E8D6C97-76C9-4954-B68B-421FF504EF88}.Release|x64.ActiveCfg = Release|Any CPU
		{5E8D6C97-76C9-4954-B68B-421FF504EF88}.Release|x64.Build.0 = Release|Any CPU
		{5E8D6C97-76C9-4954-B68B-421FF504EF88}.Release|x86.ActiveCfg = Release|Any CPU
		{5E8D6C97-76C9-4954-B68B-421FF504EF88}.Release|x86.Build.0 = Release|Any CPU
		{CD06C50E-BD0A-43D9-A485-F10108C11C27}.Debug|Any CPU.ActiveCfg = Debug|Any CPU
		{CD06C50E-BD0A-43D9-A485-F10108C11C27}.Debug|Any CPU.Build.0 = Debug|Any CPU
		{CD06C50E-BD0A-43D9-A485-F10108C11C27}.Debug|x64.ActiveCfg = Debug|Any CPU
		{CD06C50E-BD0A-43D9-A485-F10108C11C27}.Debug|x64.Build.0 = Debug|Any CPU
		{CD06C50E-BD0A-43D9-A485-F10108C11C27}.Debug|x86.ActiveCfg = Debug|Any CPU
		{CD06C50E-BD0A-43D9-A485-F10108C11C27}.Debug|x86.Build.0 = Debug|Any CPU
		{CD06C50E-BD0A-43D9-A485-F10108C11C27}.Release|Any CPU.ActiveCfg = Release|Any CPU
		{CD06C50E-BD0A-43D9-A485-F10108C11C27}.Release|Any CPU.Build.0 = Release|Any CPU
		{CD06C50E-BD0A-43D9-A485-F10108C11C27}.Release|x64.ActiveCfg = Release|Any CPU
		{CD06C50E-BD0A-43D9-A485-F10108C11C27}.Release|x64.Build.0 = Release|Any CPU
		{CD06C50E-BD0A-43D9-A485-F10108C11C27}.Release|x86.ActiveCfg = Release|Any CPU
		{CD06C50E-BD0A-43D9-A485-F10108C11C27}.Release|x86.Build.0 = Release|Any CPU
		{355C69CE-0189-47C8-9AF7-B750FE79A0E3}.Debug|Any CPU.ActiveCfg = Debug|Any CPU
		{355C69CE-0189-47C8-9AF7-B750FE79A0E3}.Debug|Any CPU.Build.0 = Debug|Any CPU
		{355C69CE-0189-47C8-9AF7-B750FE79A0E3}.Debug|x64.ActiveCfg = Debug|Any CPU
		{355C69CE-0189-47C8-9AF7-B750FE79A0E3}.Debug|x64.Build.0 = Debug|Any CPU
		{355C69CE-0189-47C8-9AF7-B750FE79A0E3}.Debug|x86.ActiveCfg = Debug|Any CPU
		{355C69CE-0189-47C8-9AF7-B750FE79A0E3}.Debug|x86.Build.0 = Debug|Any CPU
		{355C69CE-0189-47C8-9AF7-B750FE79A0E3}.Release|Any CPU.ActiveCfg = Release|Any CPU
		{355C69CE-0189-47C8-9AF7-B750FE79A0E3}.Release|Any CPU.Build.0 = Release|Any CPU
		{355C69CE-0189-47C8-9AF7-B750FE79A0E3}.Release|x64.ActiveCfg = Release|Any CPU
		{355C69CE-0189-47C8-9AF7-B750FE79A0E3}.Release|x64.Build.0 = Release|Any CPU
		{355C69CE-0189-47C8-9AF7-B750FE79A0E3}.Release|x86.ActiveCfg = Release|Any CPU
		{355C69CE-0189-47C8-9AF7-B750FE79A0E3}.Release|x86.Build.0 = Release|Any CPU
		{31494915-AA5B-45AB-9EE5-18FBFA219F8A}.Debug|Any CPU.ActiveCfg = Debug|Any CPU
		{31494915-AA5B-45AB-9EE5-18FBFA219F8A}.Debug|Any CPU.Build.0 = Debug|Any CPU
		{31494915-AA5B-45AB-9EE5-18FBFA219F8A}.Debug|x64.ActiveCfg = Debug|Any CPU
		{31494915-AA5B-45AB-9EE5-18FBFA219F8A}.Debug|x64.Build.0 = Debug|Any CPU
		{31494915-AA5B-45AB-9EE5-18FBFA219F8A}.Debug|x86.ActiveCfg = Debug|Any CPU
		{31494915-AA5B-45AB-9EE5-18FBFA219F8A}.Debug|x86.Build.0 = Debug|Any CPU
		{31494915-AA5B-45AB-9EE5-18FBFA219F8A}.Release|Any CPU.ActiveCfg = Release|Any CPU
		{31494915-AA5B-45AB-9EE5-18FBFA219F8A}.Release|Any CPU.Build.0 = Release|Any CPU
		{31494915-AA5B-45AB-9EE5-18FBFA219F8A}.Release|x64.ActiveCfg = Release|Any CPU
		{31494915-AA5B-45AB-9EE5-18FBFA219F8A}.Release|x64.Build.0 = Release|Any CPU
		{31494915-AA5B-45AB-9EE5-18FBFA219F8A}.Release|x86.ActiveCfg = Release|Any CPU
		{31494915-AA5B-45AB-9EE5-18FBFA219F8A}.Release|x86.Build.0 = Release|Any CPU
		{F6062B71-F5C4-47A0-95CB-327540829345}.Debug|Any CPU.ActiveCfg = Debug|Any CPU
		{F6062B71-F5C4-47A0-95CB-327540829345}.Debug|Any CPU.Build.0 = Debug|Any CPU
		{F6062B71-F5C4-47A0-95CB-327540829345}.Debug|x64.ActiveCfg = Debug|Any CPU
		{F6062B71-F5C4-47A0-95CB-327540829345}.Debug|x64.Build.0 = Debug|Any CPU
		{F6062B71-F5C4-47A0-95CB-327540829345}.Debug|x86.ActiveCfg = Debug|Any CPU
		{F6062B71-F5C4-47A0-95CB-327540829345}.Debug|x86.Build.0 = Debug|Any CPU
		{F6062B71-F5C4-47A0-95CB-327540829345}.Release|Any CPU.ActiveCfg = Release|Any CPU
		{F6062B71-F5C4-47A0-95CB-327540829345}.Release|Any CPU.Build.0 = Release|Any CPU
		{F6062B71-F5C4-47A0-95CB-327540829345}.Release|x64.ActiveCfg = Release|Any CPU
		{F6062B71-F5C4-47A0-95CB-327540829345}.Release|x64.Build.0 = Release|Any CPU
		{F6062B71-F5C4-47A0-95CB-327540829345}.Release|x86.ActiveCfg = Release|Any CPU
		{F6062B71-F5C4-47A0-95CB-327540829345}.Release|x86.Build.0 = Release|Any CPU
		{9E80DDF8-C3EA-4913-A545-6ED091560CA7}.Debug|Any CPU.ActiveCfg = Debug|Any CPU
		{9E80DDF8-C3EA-4913-A545-6ED091560CA7}.Debug|Any CPU.Build.0 = Debug|Any CPU
		{9E80DDF8-C3EA-4913-A545-6ED091560CA7}.Debug|x64.ActiveCfg = Debug|Any CPU
		{9E80DDF8-C3EA-4913-A545-6ED091560CA7}.Debug|x64.Build.0 = Debug|Any CPU
		{9E80DDF8-C3EA-4913-A545-6ED091560CA7}.Debug|x86.ActiveCfg = Debug|Any CPU
		{9E80DDF8-C3EA-4913-A545-6ED091560CA7}.Debug|x86.Build.0 = Debug|Any CPU
		{9E80DDF8-C3EA-4913-A545-6ED091560CA7}.Release|Any CPU.ActiveCfg = Release|Any CPU
		{9E80DDF8-C3EA-4913-A545-6ED091560CA7}.Release|Any CPU.Build.0 = Release|Any CPU
		{9E80DDF8-C3EA-4913-A545-6ED091560CA7}.Release|x64.ActiveCfg = Release|Any CPU
		{9E80DDF8-C3EA-4913-A545-6ED091560CA7}.Release|x64.Build.0 = Release|Any CPU
		{9E80DDF8-C3EA-4913-A545-6ED091560CA7}.Release|x86.ActiveCfg = Release|Any CPU
		{9E80DDF8-C3EA-4913-A545-6ED091560CA7}.Release|x86.Build.0 = Release|Any CPU
		{A44429A0-C7A8-45CC-AA3E-BB5856B471DE}.Debug|Any CPU.ActiveCfg = Debug|Any CPU
		{A44429A0-C7A8-45CC-AA3E-BB5856B471DE}.Debug|Any CPU.Build.0 = Debug|Any CPU
		{A44429A0-C7A8-45CC-AA3E-BB5856B471DE}.Debug|x64.ActiveCfg = Debug|Any CPU
		{A44429A0-C7A8-45CC-AA3E-BB5856B471DE}.Debug|x64.Build.0 = Debug|Any CPU
		{A44429A0-C7A8-45CC-AA3E-BB5856B471DE}.Debug|x86.ActiveCfg = Debug|Any CPU
		{A44429A0-C7A8-45CC-AA3E-BB5856B471DE}.Debug|x86.Build.0 = Debug|Any CPU
		{A44429A0-C7A8-45CC-AA3E-BB5856B471DE}.Release|Any CPU.ActiveCfg = Release|Any CPU
		{A44429A0-C7A8-45CC-AA3E-BB5856B471DE}.Release|Any CPU.Build.0 = Release|Any CPU
		{A44429A0-C7A8-45CC-AA3E-BB5856B471DE}.Release|x64.ActiveCfg = Release|Any CPU
		{A44429A0-C7A8-45CC-AA3E-BB5856B471DE}.Release|x64.Build.0 = Release|Any CPU
		{A44429A0-C7A8-45CC-AA3E-BB5856B471DE}.Release|x86.ActiveCfg = Release|Any CPU
		{A44429A0-C7A8-45CC-AA3E-BB5856B471DE}.Release|x86.Build.0 = Release|Any CPU
	EndGlobalSection
	GlobalSection(SolutionProperties) = preSolution
		HideSolutionNode = FALSE
	EndGlobalSection
	GlobalSection(NestedProjects) = preSolution
		{78BEDE2B-F1EF-43FD-AE13-4E0F9544D4DC} = {827E0CD3-B72D-47B6-A68D-7590B98EB39B}
		{5E8D6C97-76C9-4954-B68B-421FF504EF88} = {827E0CD3-B72D-47B6-A68D-7590B98EB39B}
		{CD06C50E-BD0A-43D9-A485-F10108C11C27} = {827E0CD3-B72D-47B6-A68D-7590B98EB39B}
		{355C69CE-0189-47C8-9AF7-B750FE79A0E3} = {827E0CD3-B72D-47B6-A68D-7590B98EB39B}
		{31494915-AA5B-45AB-9EE5-18FBFA219F8A} = {827E0CD3-B72D-47B6-A68D-7590B98EB39B}
		{F6062B71-F5C4-47A0-95CB-327540829345} = {0AB3BF05-4346-4AA6-1389-037BE0695223}
		{9E80DDF8-C3EA-4913-A545-6ED091560CA7} = {0AB3BF05-4346-4AA6-1389-037BE0695223}
		{A44429A0-C7A8-45CC-AA3E-BB5856B471DE} = {0AB3BF05-4346-4AA6-1389-037BE0695223}
	EndGlobalSection
EndGlobal
